{
  "pins" : [
    {
      "identity" : "alamofire",
      "kind" : "remoteSourceControl",
      "location" : "https://github.com/Alamofire/Alamofire.git",
      "state" : {
        "revision" : "eaf6e622dd41b07b251d8f01752eab31bc811493",
        "version" : "5.4.1"
      }
    },
    {
      "identity" : "devicekit",
      "kind" : "remoteSourceControl",
      "location" : "https://github.com/devicekit/DeviceKit.git",
      "state" : {
        "revision" : "dbddb0296e3ee4f83d52f9681e42705020a533e4",
        "version" : "4.2.1"
      }
    },
    {
      "identity" : "dznemptydataset",
      "kind" : "remoteSourceControl",
      "location" : "https://github.com/dzenbot/DZNEmptyDataSet",
      "state" : {
        "branch" : "master",
        "revision" : "9bffa69a83a9fa58a14b3cf43cb6dd8a63774179"
      }
    },
    {
      "identity" : "keychainaccess",
      "kind" : "remoteSourceControl",
      "location" : "https://github.com/kishikawakatsumi/KeychainAccess.git",
      "state" : {
        "revision" : "654d52d30f3dd4592e944c3e0bccb53178c992f6",
        "version" : "4.2.1"
      }
    },
    {
      "identity" : "lottie-ios",
      "kind" : "remoteSourceControl",
      "location" : "https://github.com/airbnb/lottie-ios.git",
      "state" : {
        "revision" : "180f56688839e7ff37dd7279e770e85125e7d16e",
        "version" : "3.2.0"
      }
    },
    {
      "identity" : "parchment",
      "kind" : "remoteSourceControl",
      "location" : "https://github.com/rechsteiner/Parchment",
      "state" : {
        "revision" : "689ecaa80b7b0f712887ec87746f8598f2e12907",
        "version" : "3.0.1"
      }
    },
    {
      "identity" : "sdwebimage",
      "kind" : "remoteSourceControl",
      "location" : "https://github.com/SDWebImage/SDWebImage.git",
      "state" : {
        "revision" : "a6b6e44eadf0d39250c10a7cc0e3b91d0bdb0e94",
        "version" : "5.10.4"
      }
    },
    {
      "identity" : "swiftmessages",
      "kind" : "remoteSourceControl",
      "location" : "https://github.com/SwiftKickMobile/SwiftMessages.git",
      "state" : {
        "revision" : "b29dd21090b708aa0ae9ecbaf6e2d0487028dc3f",
        "version" : "9.0.6"
      }
    }
  ],
  "version" : 2
}
